{
  "name": "poc_naveg_front",
  "lockfileVersion": 3,
  "requires": true,
  "packages": {
    "": {
      "dependencies": {
        "lucia": "^3.2.2"
      },
      "devDependencies": {
        "@types/node": "^22.13.5"
      }
    },
    "node_modules/@oslojs/asn1": {
      "version": "1.0.0",
      "resolved": "https://registry.npmjs.org/@oslojs/asn1/-/asn1-1.0.0.tgz",
      "integrity": "sha512-zw/wn0sj0j0QKbIXfIlnEcTviaCzYOY3V5rAyjR6YtOByFtJiT574+8p9Wlach0lZH9fddD4yb9laEAIl4vXQA==",
      "license": "MIT",
      "dependencies": {
        "@oslojs/binary": "1.0.0"
      }
    },
    "node_modules/@oslojs/binary": {
      "version": "1.0.0",
      "resolved": "https://registry.npmjs.org/@oslojs/binary/-/binary-1.0.0.tgz",
      "integrity": "sha512-9RCU6OwXU6p67H4NODbuxv2S3eenuQ4/WFLrsq+K/k682xrznH5EVWA7N4VFk9VYVcbFtKqur5YQQZc0ySGhsQ==",
      "license": "MIT"
    },
    "node_modules/@oslojs/crypto": {
      "version": "1.0.1",
      "resolved": "https://registry.npmjs.org/@oslojs/crypto/-/crypto-1.0.1.tgz",
      "integrity": "sha512-7n08G8nWjAr/Yu3vu9zzrd0L9XnrJfpMioQcvCMxBIiF5orECHe5/3J0jmXRVvgfqMm/+4oxlQ+Sq39COYLcNQ==",
      "license": "MIT",
      "dependencies": {
        "@oslojs/asn1": "1.0.0",
        "@oslojs/binary": "1.0.0"
      }
    },
    "node_modules/@oslojs/encoding": {
      "version": "1.1.0",
      "resolved": "https://registry.npmjs.org/@oslojs/encoding/-/encoding-1.1.0.tgz",
      "integrity": "sha512-70wQhgYmndg4GCPxPPxPGevRKqTIJ2Nh4OkiMWmDAVYsTQ+Ta7Sq+rPevXyXGdzr30/qZBnyOalCszoMxlyldQ==",
      "license": "MIT"
    },
    "node_modules/@types/node": {
      "version": "22.13.5",
      "resolved": "https://registry.npmjs.org/@types/node/-/node-22.13.5.tgz",
      "integrity": "sha512-+lTU0PxZXn0Dr1NBtC7Y8cR21AJr87dLLU953CWA6pMxxv/UDc7jYAY90upcrie1nRcD6XNG5HOYEDtgW5TxAg==",
      "dev": true,
      "license": "MIT",
      "dependencies": {
        "undici-types": "~6.20.0"
      }
    },
    "node_modules/lucia": {
      "version": "3.2.2",
      "resolved": "https://registry.npmjs.org/lucia/-/lucia-3.2.2.tgz",
      "integrity": "sha512-P1FlFBGCMPMXu+EGdVD9W4Mjm0DqsusmKgO7Xc33mI5X1bklmsQb0hfzPhXomQr9waWIBDsiOjvr1e6BTaUqpA==",
      "license": "MIT",
      "dependencies": {
        "@oslojs/crypto": "^1.0.1",
        "@oslojs/encoding": "^1.1.0"
      }
    },
    "node_modules/undici-types": {
      "version": "6.20.0",
      "resolved": "https://registry.npmjs.org/undici-types/-/undici-types-6.20.0.tgz",
      "integrity": "sha512-Ny6QZ2Nju20vw1SRHe3d9jVu6gJ+4e3+MMpqu7pqE5HT6WsTSlce++GQmK5UXS8mzV8DSYHrQH+Xrf2jVcuKNg==",
      "dev": true,
      "license": "MIT"
    }
  }
}
